
Microsoft Visual Studio Solution File, Format Version 12.00
# Visual Studio Version 17
VisualStudioVersion = 17.0.31903.59
MinimumVisualStudioVersion = 10.0.40219.1
Project("{FAE04EC0-301F-11D3-BF4B-00C04F79EFBC}") = "GSQApi", "GSQApi\GSQApi.csproj", "{824C4C32-2010-4D06-906E-6E491C935765}"
EndProject
Project("{FAE04EC0-301F-11D3-BF4B-00C04F79EFBC}") = "GSQTests", "GSQTests\GSQTests.csproj", "{38E168D9-BBF8-491F-9640-2ABA29EB77FB}"
EndProject
Project("{FAE04EC0-301F-11D3-BF4B-00C04F79EFBC}") = "GSQBusiness", "GSQBusiness\GSQBusiness.csproj", "{33D6680B-6985-4612-9928-A5672428E8D3}"
EndProject
Global
	GlobalSection(SolutionConfigurationPlatforms) = preSolution
		Debug|Any CPU = Debug|Any CPU
		Release|Any CPU = Release|Any CPU
	EndGlobalSection
	GlobalSection(SolutionProperties) = preSolution
		HideSolutionNode = FALSE
	EndGlobalSection
	GlobalSection(ProjectConfigurationPlatforms) = postSolution
		{824C4C32-2010-4D06-906E-6E491C935765}.Debug|Any CPU.ActiveCfg = Debug|Any CPU
		{824C4C32-2010-4D06-906E-6E491C935765}.Debug|Any CPU.Build.0 = Debug|Any CPU
		{824C4C32-2010-4D06-906E-6E491C935765}.Release|Any CPU.ActiveCfg = Release|Any CPU
		{824C4C32-2010-4D06-906E-6E491C935765}.Release|Any CPU.Build.0 = Release|Any CPU
		{38E168D9-BBF8-491F-9640-2ABA29EB77FB}.Debug|Any CPU.ActiveCfg = Debug|Any CPU
		{38E168D9-BBF8-491F-9640-2ABA29EB77FB}.Debug|Any CPU.Build.0 = Debug|Any CPU
		{38E168D9-BBF8-491F-9640-2ABA29EB77FB}.Release|Any CPU.ActiveCfg = Release|Any CPU
		{38E168D9-BBF8-491F-9640-2ABA29EB77FB}.Release|Any CPU.Build.0 = Release|Any CPU
		{33D6680B-6985-4612-9928-A5672428E8D3}.Debug|Any CPU.ActiveCfg = Debug|Any CPU
		{33D6680B-6985-4612-9928-A5672428E8D3}.Debug|Any CPU.Build.0 = Debug|Any CPU
		{33D6680B-6985-4612-9928-A5672428E8D3}.Release|Any CPU.ActiveCfg = Release|Any CPU
		{33D6680B-6985-4612-9928-A5672428E8D3}.Release|Any CPU.Build.0 = Release|Any CPU
	EndGlobalSection
EndGlobal
